<Solution>
  <Folder Name="/Solution Items/">
    <File Path=".editorconfig"/>
    <File Path=".gitattributes"/>
    <File Path=".gitignore"/>
    <File Path="appsettings.json"/>
    <File Path="FodyWeavers.xml"/>
    <File Path="FodyWeavers.xsd"/>
    <File Path="global.json"/>
  </Folder>
  <Folder Name="/Solution Items/GitHub/">
    <File Path=".github/dependabot.yml"/>
    <File Path=".github/LICENSE-ASSETS.txt"/>
    <File Path=".github/LICENSE-CODE.txt"/>
    <File Path=".github/LICENSE.md"/>
    <File Path=".github/README.md"/>
    <File Path=".github/workflows/cloc.yml"/>
    <File Path=".github/workflows/zip.yml"/>
  </Folder>
  <Folder Name="/Solution Items/Run Configs/">
    <File Path=".run/Editor.run.xml"/>
    <File Path=".run/Player (External Console).run.xml"/>
    <File Path=".run/Player.run.xml"/>
  </Folder>
  <Project Path="Game.csproj"/>
  <Project Path="lib/estragonia/Estragonia.csproj"/>
</Solution>
