Microsoft Visual Studio Solution File, Format Version 12.00
Project("{FAE04EC0-301F-11D3-BF4B-00C04F79EFBC}") = "Game", "Game.csproj", "{C9DB1C76-1665-45A4-900A-8532C04823A5}"
EndProject
Project("{FAE04EC0-301F-11D3-BF4B-00C04F79EFBC}") = "Estragonia", "Lib\Estragonia\Estragonia.csproj", "{08A50BF9-9DED-414A-BBCA-7A6C77E2F053}"
EndProject
Project("{2150E333-8FDC-42A3-9474-1A3956D46DE8}") = "Solution Items", "Solution Items", "{DD03AE58-8C24-4DE9-9245-8113E2439E82}"
	ProjectSection(SolutionItems) = preProject
		global.json = global.json
		appsettings.json = appsettings.json
		.gitignore = .gitignore
		.editorconfig = .editorconfig
	EndProjectSection
EndProject
Global
	GlobalSection(SolutionConfigurationPlatforms) = preSolution
		Debug|Any CPU = Debug|Any CPU
		Release|Any CPU = Release|Any CPU
	EndGlobalSection
	GlobalSection(ProjectConfigurationPlatforms) = postSolution
		{C9DB1C76-1665-45A4-900A-8532C04823A5}.Debug|Any CPU.ActiveCfg = Debug|Any CPU
		{C9DB1C76-1665-45A4-900A-8532C04823A5}.Debug|Any CPU.Build.0 = Debug|Any CPU
		{C9DB1C76-1665-45A4-900A-8532C04823A5}.Release|Any CPU.ActiveCfg = Release|Any CPU
		{C9DB1C76-1665-45A4-900A-8532C04823A5}.Release|Any CPU.Build.0 = Release|Any CPU
		{08A50BF9-9DED-414A-BBCA-7A6C77E2F053}.Debug|Any CPU.ActiveCfg = Debug|Any CPU
		{08A50BF9-9DED-414A-BBCA-7A6C77E2F053}.Debug|Any CPU.Build.0 = Debug|Any CPU
		{08A50BF9-9DED-414A-BBCA-7A6C77E2F053}.Release|Any CPU.ActiveCfg = Release|Any CPU
		{08A50BF9-9DED-414A-BBCA-7A6C77E2F053}.Release|Any CPU.Build.0 = Release|Any CPU
	EndGlobalSection
EndGlobal
